{
  "nodes": {
    "flake-utils": {
      "locked": {
        "lastModified": 1631561581,
        "narHash": "sha256-3VQMV5zvxaVLvqqUrNz3iJelLw30mIVSfZmAaauM3dA=",
        "owner": "numtide",
        "repo": "flake-utils",
        "rev": "7e5bf3925f6fbdfaf50a2a7ca0be2879c4261d19",
        "type": "github"
      },
      "original": {
        "owner": "numtide",
        "repo": "flake-utils",
        "type": "github"
      }
    },
    "mach-nix": {
      "inputs": {
        "flake-utils": [
          "flake-utils"
        ],
        "nixpkgs": [
          "nixpkgs"
        ],
        "pypi-deps-db": [
          "pypi-deps-db"
        ]
      },
      "locked": {
        "lastModified": 1629464241,
        "narHash": "sha256-DLAVO2fyj5VxDf/7FoBsXZTQcz1/deJ9EFRqO9BD0tI=",
        "owner": "DavHau",
        "repo": "mach-nix",
        "rev": "d223656fc0eff33f4da77d69db19752edc9a5ba5",
        "type": "github"
      },
      "original": {
        "owner": "DavHau",
        "repo": "mach-nix",
        "type": "github"
      }
    },
    "nixpkgs": {
      "locked": {
        "lastModified": 1631608205,
        "narHash": "sha256-1lh79H4uxhfimshlSCLIyGRaQPB/ENs/k9+qi9FEZzQ=",
        "owner": "NixOS",
        "repo": "nixpkgs",
        "rev": "626ae0eeba644be0c92789cefc488f8a19ba7684",
        "type": "github"
      },
      "original": {
        "id": "nixpkgs",
        "ref": "release-21.05",
        "type": "indirect"
      }
    },
    "nixpkgsPy36": {
      "locked": {
        "lastModified": 1601475821,
        "narHash": "sha256-7AI8j/xq5slauMGwC3Dp2K9TKDyDtBXBebeyWsE9euE=",
        "owner": "NixOS",
        "repo": "nixpkgs",
        "rev": "b4db68ff563895eea6aab4ff24fa04ef403dfe14",
        "type": "github"
      },
      "original": {
        "id": "nixpkgs",
        "rev": "b4db68ff563895eea6aab4ff24fa04ef403dfe14",
        "type": "indirect"
      }
    },
    "pypi-deps-db": {
      "inputs": {
        "mach-nix": [
          "mach-nix"
        ],
        "nixpkgs": [
          "nixpkgs"
        ],
        "nixpkgsPy36": "nixpkgsPy36",
        "pypiIndex": "pypiIndex"
      },
      "locked": {
        "lastModified": 1631608141,
        "narHash": "sha256-XVGoxtPPvM9xRc/dx0Sq0B0GxpIe/7LfJVQJpbhtCdQ=",
        "owner": "DavHau",
        "repo": "pypi-deps-db",
        "rev": "e8c3b151f61d1c4cac97fbf30508b67229081606",
        "type": "github"
      },
      "original": {
        "owner": "DavHau",
        "repo": "pypi-deps-db",
        "type": "github"
      }
    },
    "pypiIndex": {
      "flake": false,
      "locked": {
        "lastModified": 1631595687,
        "narHash": "sha256-ILYa0C9iEZL0zP7EYjPozO2/vVqlzUIXVpgZyDdwtmY=",
        "owner": "davhau",
        "repo": "nix-pypi-fetcher",
        "rev": "6f886dfa08bfd1538a265fa1325df8aa7a0cf3b5",
        "type": "github"
      },
      "original": {
        "owner": "davhau",
        "repo": "nix-pypi-fetcher",
        "type": "github"
      }
    },
    "root": {
      "inputs": {
        "flake-utils": "flake-utils",
        "mach-nix": "mach-nix",
        "nixpkgs": "nixpkgs",
        "pypi-deps-db": "pypi-deps-db"
      }
    }
  },
  "root": "root",
  "version": 7
}
